github.com/Russia9/numerical-analysis v0.0.0-20260404201555-181b135e9119 h1:cgfbn5wOoW/5y32DhTbr6rMEvf7FBCml4Afq/x6TJLM=
github.com/Russia9/numerical-analysis v0.0.0-20260404201555-181b135e9119/go.mod h1:+vQau5qWjl6PEfV367hQXdlazbA2I542opZarKTQmJ8=
github.com/gocarina/gocsv v0.0.0-20260824135904-1713ebc4797a h1:jEsNFboaGGQXQJupR63sHnjwbna/aUQh/PF5ak7np7Y=
github.com/gocarina/gocsv v0.0.0-20260824135904-1713ebc4797a/go.mod h1:5YoVOkjYAQumqlV356Hj3xeYh4BdZuLE0/nRkf2NKkI=
